
Microsoft Visual Studio Solution File, Format Version 12.00
# Visual Studio Version 16
VisualStudioVersion = 16.0.30611.23
MinimumVisualStudioVersion = 10.0.40219.1
Project("{FAE04EC0-301F-11D3-BF4B-00C04F79EFBC}") = "GhostScreenLogger", "GhostScreenLogger\GhostScreenLogger.csproj", "{DD862A2D-B075-4777-BD07-1234DC47CAE8}"
EndProject
Global
	GlobalSection(SolutionConfigurationPlatforms) = preSolution
		Debug|Any CPU = Debug|Any CPU
		Release|Any CPU = Release|Any CPU
	EndGlobalSection
	GlobalSection(ProjectConfigurationPlatforms) = postSolution
		{DD862A2D-B075-4777-BD07-1234DC47CAE8}.Debug|Any CPU.ActiveCfg = Debug|Any CPU
		{DD862A2D-B075-4777-BD07-1234DC47CAE8}.Debug|Any CPU.Build.0 = Debug|Any CPU
		{DD862A2D-B075-4777-BD07-1234DC47CAE8}.Release|Any CPU.ActiveCfg = Release|Any CPU
		{DD862A2D-B075-4777-BD07-1234DC47CAE8}.Release|Any CPU.Build.0 = Release|Any CPU
	EndGlobalSection
	GlobalSection(SolutionProperties) = preSolution
		HideSolutionNode = FALSE
	EndGlobalSection
	GlobalSection(ExtensibilityGlobals) = postSolution
		SolutionGuid = {3CCF098C-3C8A-4CFF-88B8-39BE49D63D00}
	EndGlobalSection
EndGlobal
